// !$*UTF8*$!
{
	archiveVersion = 1;
	classes = {
	};
	objectVersion = 46;
	objects = {

/* Begin PBXBuildFile section */
		22BABD981C33D0040099EB1D /* main.m in Sources */ = {isa = PBXBuildFile; fileRef = 22BABD971C33D0040099EB1D /* main.m */; };
		22BABD9B1C33D0040099EB1D /* AppDelegate.m in Sources */ = {isa = PBXBuildFile; fileRef = 22BABD9A1C33D0040099EB1D /* AppDelegate.m */; };
		22BABD9E1C33D0040099EB1D /* ViewController.m in Sources */ = {isa = PBXBuildFile; fileRef = 22BABD9D1C33D0040099EB1D /* ViewController.m */; };
		22BABDA11C33D0040099EB1D /* Main.storyboard in Resources */ = {isa = PBXBuildFile; fileRef = 22BABD9F1C33D0040099EB1D /* Main.storyboard */; };
		22BABDA31C33D0040099EB1D /* Assets.xcassets in Resources */ = {isa = PBXBuildFile; fileRef = 22BABDA21C33D0040099EB1D /* Assets.xcassets */; };
		22BABDA61C33D0040099EB1D /* LaunchScreen.storyboard in Resources */ = {isa = PBXBuildFile; fileRef = 22BABDA41C33D0040099EB1D /* LaunchScreen.storyboard */; };
		22BABDB21C33D03C0099EB1D /* PopUpContainer.m in Sources */ = {isa = PBXBuildFile; fileRef = 22BABDAE1C33D03C0099EB1D /* PopUpContainer.m */; };
		22BABDB31C33D03C0099EB1D /* PopUpView.m in Sources */ = {isa = PBXBuildFile; fileRef = 22BABDB01C33D03C0099EB1D /* PopUpView.m */; };
		22BABDB41C33D03C0099EB1D /* PopUpView.xib in Resources */ = {isa = PBXBuildFile; fileRef = 22BABDB11C33D03C0099EB1D /* PopUpView.xib */; };
/* End PBXBuildFile section */

/* Begin PBXFileReference section */
		22BABD931C33D0040099EB1D /* PopXibView.app */ = {isa = PBXFileReference; explicitFileType = wrapper.application; includeInIndex = 0; path = PopXibView.app; sourceTree = BUILT_PRODUCTS_DIR; };
		22BABD971C33D0040099EB1D /* main.m */ = {isa = PBXFileReference; lastKnownFileType = sourcecode.c.objc; path = main.m; sourceTree = "<group>"; };
		22BABD991C33D0040099EB1D /* AppDelegate.h */ = {isa = PBXFileReference; lastKnownFileType = sourcecode.c.h; path = AppDelegate.h; sourceTree = "<group>"; };
		22BABD9A1C33D0040099EB1D /* AppDelegate.m */ = {isa = PBXFileReference; lastKnownFileType = sourcecode.c.objc; path = AppDelegate.m; sourceTree = "<group>"; };
		22BABD9C1C33D0040099EB1D /* ViewController.h */ = {isa = PBXFileReference; lastKnownFileType = sourcecode.c.h; path = ViewController.h; sourceTree = "<group>"; };
		22BABD9D1C33D0040099EB1D /* ViewController.m */ = {isa = PBXFileReference; lastKnownFileType = sourcecode.c.objc; path = ViewController.m; sourceTree = "<group>"; };
		22BABDA01C33D0040099EB1D /* Base */ = {isa = PBXFileReference; lastKnownFileType = file.storyboard; name = Base; path = Base.lproj/Main.storyboard; sourceTree = "<group>"; };
		22BABDA21C33D0040099EB1D /* Assets.xcassets */ = {isa = PBXFileReference; lastKnownFileType = folder.assetcatalog; path = Assets.xcassets; sourceTree = "<group>"; };
		22BABDA51C33D0040099EB1D /* Base */ = {isa = PBXFileReference; lastKnownFileType = file.storyboard; name = Base; path = Base.lproj/LaunchScreen.storyboard; sourceTree = "<group>"; };
		22BABDA71C33D0040099EB1D /* Info.plist */ = {isa = PBXFileReference; lastKnownFileType = text.plist.xml; path = Info.plist; sourceTree = "<group>"; };
		22BABDAD1C33D03C0099EB1D /* PopUpContainer.h */ = {isa = PBXFileReference; fileEncoding = 4; lastKnownFileType = sourcecode.c.h; path = PopUpContainer.h; sourceTree = "<group>"; };
		22BABDAE1C33D03C0099EB1D /* PopUpContainer.m */ = {isa = PBXFileReference; fileEncoding = 4; lastKnownFileType = sourcecode.c.objc; path = PopUpContainer.m; sourceTree = "<group>"; };
		22BABDAF1C33D03C0099EB1D /* PopUpView.h */ = {isa = PBXFileReference; fileEncoding = 4; lastKnownFileType = sourcecode.c.h; path = PopUpView.h; sourceTree = "<group>"; };
		22BABDB01C33D03C0099EB1D /* PopUpView.m */ = {isa = PBXFileReference; fileEncoding = 4; lastKnownFileType = sourcecode.c.objc; path = PopUpView.m; sourceTree = "<group>"; };
		22BABDB11C33D03C0099EB1D /* PopUpView.xib */ = {isa = PBXFileReference; fileEncoding = 4; lastKnownFileType = file.xib; path = PopUpView.xib; sourceTree = "<group>"; };
/* End PBXFileReference section */

/* Begin PBXFrameworksBuildPhase section */
		22BABD901C33D0040099EB1D /* Frameworks */ = {
			isa = PBXFrameworksBuildPhase;
			buildActionMask = 2147483647;
			files = (
			);
			runOnlyForDeploymentPostprocessing = 0;
		};
/* End PBXFrameworksBuildPhase section */

/* Begin PBXGroup section */
		22BABD8A1C33D0040099EB1D = {
			isa = PBXGroup;
			children = (
				22BABD951C33D0040099EB1D /* PopXibView */,
				22BABD941C33D0040099EB1D /* Products */,
			);
			sourceTree = "<group>";
		};
		22BABD941C33D0040099EB1D /* Products */ = {
			isa = PBXGroup;
			children = (
				22BABD931C33D0040099EB1D /* PopXibView.app */,
			);
			name = Products;
			sourceTree = "<group>";
		};
		22BABD951C33D0040099EB1D /* PopXibView */ = {
			isa = PBXGroup;
			children = (
				22BABDB61C33D0680099EB1D /* Classes */,
				22BABDB51C33D0530099EB1D /* Custom */,
				22BABD961C33D0040099EB1D /* Supporting Files */,
			);
			path = PopXibView;
			sourceTree = "<group>";
		};
		22BABD961C33D0040099EB1D /* Supporting Files */ = {
			isa = PBXGroup;
			children = (
				22BABD9F1C33D0040099EB1D /* Main.storyboard */,
				22BABDA21C33D0040099EB1D /* Assets.xcassets */,
				22BABDA41C33D0040099EB1D /* LaunchScreen.storyboard */,
				22BABDA71C33D0040099EB1D /* Info.plist */,
				22BABD971C33D0040099EB1D /* main.m */,
			);
			name = "Supporting Files";
			sourceTree = "<group>";
		};
		22BABDB51C33D0530099EB1D /* Custom */ = {
			isa = PBXGroup;
			children = (
				22BABDAD1C33D03C0099EB1D /* PopUpContainer.h */,
				22BABDAE1C33D03C0099EB1D /* PopUpContainer.m */,
				22BABDAF1C33D03C0099EB1D /* PopUpView.h */,
				22BABDB01C33D03C0099EB1D /* PopUpView.m */,
				22BABDB11C33D03C0099EB1D /* PopUpView.xib */,
			);
			name = Custom;
			sourceTree = "<group>";
		};
		22BABDB61C33D0680099EB1D /* Classes */ = {
			isa = PBXGroup;
			children = (
				22BABD991C33D0040099EB1D /* AppDelegate.h */,
				22BABD9A1C33D0040099EB1D /* AppDelegate.m */,
				22BABD9C1C33D0040099EB1D /* ViewController.h */,
				22BABD9D1C33D0040099EB1D /* ViewController.m */,
			);
			name = Classes;
			sourceTree = "<group>";
		};
/* End PBXGroup section */

/* Begin PBXNativeTarget section */
		22BABD921C33D0040099EB1D /* PopXibView */ = {
			isa = PBXNativeTarget;
			buildConfigurationList = 22BABDAA1C33D0040099EB1D /* Build configuration list for PBXNativeTarget "PopXibView" */;
			buildPhases = (
				22BABD8F1C33D0040099EB1D /* Sources */,
				22BABD901C33D0040099EB1D /* Frameworks */,
				22BABD911C33D0040099EB1D /* Resources */,
			);
			buildRules = (
			);
			dependencies = (
			);
			name = PopXibView;
			productName = PopXibView;
			productReference = 22BABD931C33D0040099EB1D /* PopXibView.app */;
			productType = "com.apple.product-type.application";
		};
/* End PBXNativeTarget section */

/* Begin PBXProject section */
		22BABD8B1C33D0040099EB1D /* Project object */ = {
			isa = PBXProject;
			attributes = {
				LastUpgradeCheck = 0720;
				ORGANIZATIONNAME = DevFeng;
				TargetAttributes = {
					22BABD921C33D0040099EB1D = {
						CreatedOnToolsVersion = 7.2;
					};
				};
			};
			buildConfigurationList = 22BABD8E1C33D0040099EB1D /* Build configuration list for PBXProject "PopXibView" */;
			compatibilityVersion = "Xcode 3.2";
			developmentRegion = English;
			hasScannedForEncodings = 0;
			knownRegions = (
				en,
				Base,
			);
			mainGroup = 22BABD8A1C33D0040099EB1D;
			productRefGroup = 22BABD941C33D0040099EB1D /* Products */;
			projectDirPath = "";
			projectRoot = "";
			targets = (
				22BABD921C33D0040099EB1D /* PopXibView */,
			);
		};
/* End PBXProject section */

/* Begin PBXResourcesBuildPhase section */
		22BABD911C33D0040099EB1D /* Resources */ = {
			isa = PBXResourcesBuildPhase;
			buildActionMask = 2147483647;
			files = (
				22BABDA61C33D0040099EB1D /* LaunchScreen.storyboard in Resources */,
				22BABDB41C33D03C0099EB1D /* PopUpView.xib in Resources */,
				22BABDA31C33D0040099EB1D /* Assets.xcassets in Resources */,
				22BABDA11C33D0040099EB1D /* Main.storyboard in Resources */,
			);
			runOnlyForDeploymentPostprocessing = 0;
		};
/* End PBXResourcesBuildPhase section */

/* Begin PBXSourcesBuildPhase section */
		22BABD8F1C33D0040099EB1D /* Sources */ = {
			isa = PBXSourcesBuildPhase;
			buildActionMask = 2147483647;
			files = (
				22BABD9E1C33D0040099EB1D /* ViewController.m in Sources */,
				22BABD9B1C33D0040099EB1D /* AppDelegate.m in Sources */,
				22BABDB21C33D03C0099EB1D /* PopUpContainer.m in Sources */,
				22BABDB31C33D03C0099EB1D /* PopUpView.m in Sources */,
				22BABD981C33D0040099EB1D /* main.m in Sources */,
			);
			runOnlyForDeploymentPostprocessing = 0;
		};
/* End PBXSourcesBuildPhase section */

/* Begin PBXVariantGroup section */
		22BABD9F1C33D0040099EB1D /* Main.storyboard */ = {
			isa = PBXVariantGroup;
			children = (
				22BABDA01C33D0040099EB1D /* Base */,
			);
			name = Main.storyboard;
			sourceTree = "<group>";
		};
		22BABDA41C33D0040099EB1D /* LaunchScreen.storyboard */ = {
			isa = PBXVariantGroup;
			children = (
				22BABDA51C33D0040099EB1D /* Base */,
			);
			name = LaunchScreen.storyboard;
			sourceTree = "<group>";
		};
/* End PBXVariantGroup section */

/* Begin XCBuildConfiguration section */
		22BABDA81C33D0040099EB1D /* Debug */ = {
			isa = XCBuildConfiguration;
			buildSettings = {
				ALWAYS_SEARCH_USER_PATHS = NO;
				CLANG_CXX_LANGUAGE_STANDARD = "gnu++0x";
				CLANG_CXX_LIBRARY = "libc++";
				CLANG_ENABLE_MODULES = YES;
				CLANG_ENABLE_OBJC_ARC = YES;
				CLANG_WARN_BOOL_CONVERSION = YES;
				CLANG_WARN_CONSTANT_CONVERSION = YES;
				CLANG_WARN_DIRECT_OBJC_ISA_USAGE = YES_ERROR;
				CLANG_WARN_EMPTY_BODY = YES;
				CLANG_WARN_ENUM_CONVERSION = YES;
				CLANG_WARN_INT_CONVERSION = YES;
				CLANG_WARN_OBJC_ROOT_CLASS = YES_ERROR;
				CLANG_WARN_UNREACHABLE_CODE = YES;
				CLANG_WARN__DUPLICATE_METHOD_MATCH = YES;
				"CODE_SIGN_IDENTITY[sdk=iphoneos*]" = "iPhone Developer";
				COPY_PHASE_STRIP = NO;
				DEBUG_INFORMATION_FORMAT = dwarf;
				ENABLE_STRICT_OBJC_MSGSEND = YES;
				ENABLE_TESTABILITY = YES;
				GCC_C_LANGUAGE_STANDARD = gnu99;
				GCC_DYNAMIC_NO_PIC = NO;
				GCC_NO_COMMON_BLOCKS = YES;
				GCC_OPTIMIZATION_LEVEL = 0;
				GCC_PREPROCESSOR_DEFINITIONS = (
					"DEBUG=1",
					"$(inherited)",
				);
				GCC_WARN_64_TO_32_BIT_CONVERSION = YES;
				GCC_WARN_ABOUT_RETURN_TYPE = YES_ERROR;
				GCC_WARN_UNDECLARED_SELECTOR = YES;
				GCC_WARN_UNINITIALIZED_AUTOS = YES_AGGRESSIVE;
				GCC_WARN_UNUSED_FUNCTION = YES;
				GCC_WARN_UNUSED_VARIABLE = YES;
				IPHONEOS_DEPLOYMENT_TARGET = 9.2;
				MTL_ENABLE_DEBUG_INFO = YES;
				ONLY_ACTIVE_ARCH = YES;
				SDKROOT = iphoneos;
			};
			name = Debug;
		};
		22BABDA91C33D0040099EB1D /* Release */ = {
			isa = XCBuildConfiguration;
			buildSettings = {
				ALWAYS_SEARCH_USER_PATHS = NO;
				CLANG_CXX_LANGUAGE_STANDARD = "gnu++0x";
				CLANG_CXX_LIBRARY = "libc++";
				CLANG_ENABLE_MODULES = YES;
				CLANG_ENABLE_OBJC_ARC = YES;
				CLANG_WARN_BOOL_CONVERSION = YES;
				CLANG_WARN_CONSTANT_CONVERSION = YES;
				CLANG_WARN_DIRECT_OBJC_ISA_USAGE = YES_ERROR;
				CLANG_WARN_EMPTY_BODY = YES;
				CLANG_WARN_ENUM_CONVERSION = YES;
				CLANG_WARN_INT_CONVERSION = YES;
				CLANG_WARN_OBJC_ROOT_CLASS = YES_ERROR;
				CLANG_WARN_UNREACHABLE_CODE = YES;
				CLANG_WARN__DUPLICATE_METHOD_MATCH = YES;
				"CODE_SIGN_IDENTITY[sdk=iphoneos*]" = "iPhone Developer";
				COPY_PHASE_STRIP = NO;
				DEBUG_INFORMATION_FORMAT = "dwarf-with-dsym";
				ENABLE_NS_ASSERTIONS = NO;
				ENABLE_STRICT_OBJC_MSGSEND = YES;
				GCC_C_LANGUAGE_STANDARD = gnu99;
				GCC_NO_COMMON_BLOCKS = YES;
				GCC_WARN_64_TO_32_BIT_CONVERSION = YES;
				GCC_WARN_ABOUT_RETURN_TYPE = YES_ERROR;
				GCC_WARN_UNDECLARED_SELECTOR = YES;
				GCC_WARN_UNINITIALIZED_AUTOS = YES_AGGRESSIVE;
				GCC_WARN_UNUSED_FUNCTION = YES;
				GCC_WARN_UNUSED_VARIABLE = YES;
				IPHONEOS_DEPLOYMENT_TARGET = 9.2;
				MTL_ENABLE_DEBUG_INFO = NO;
				SDKROOT = iphoneos;
				VALIDATE_PRODUCT = YES;
			};
			name = Release;
		};
		22BABDAB1C33D0040099EB1D /* Debug */ = {
			isa = XCBuildConfiguration;
			buildSettings = {
				ASSETCATALOG_COMPILER_APPICON_NAME = AppIcon;
				INFOPLIST_FILE = PopXibView/Info.plist;
				LD_RUNPATH_SEARCH_PATHS = "$(inherited) @executable_path/Frameworks";
				PRODUCT_BUNDLE_IDENTIFIER = com.devfeng.PopXibView;
				PRODUCT_NAME = "$(TARGET_NAME)";
			};
			name = Debug;
		};
		22BABDAC1C33D0040099EB1D /* Release */ = {
			isa = XCBuildConfiguration;
			buildSettings = {
				ASSETCATALOG_COMPILER_APPICON_NAME = AppIcon;
				INFOPLIST_FILE = PopXibView/Info.plist;
				LD_RUNPATH_SEARCH_PATHS = "$(inherited) @executable_path/Frameworks";
				PRODUCT_BUNDLE_IDENTIFIER = com.devfeng.PopXibView;
				PRODUCT_NAME = "$(TARGET_NAME)";
			};
			name = Release;
		};
/* End XCBuildConfiguration section */

/* Begin XCConfigurationList section */
		22BABD8E1C33D0040099EB1D /* Build configuration list for PBXProject "PopXibView" */ = {
			isa = XCConfigurationList;
			buildConfigurations = (
				22BABDA81C33D0040099EB1D /* Debug */,
				22BABDA91C33D0040099EB1D /* Release */,
			);
			defaultConfigurationIsVisible = 0;
			defaultConfigurationName = Release;
		};
		22BABDAA1C33D0040099EB1D /* Build configuration list for PBXNativeTarget "PopXibView" */ = {
			isa = XCConfigurationList;
			buildConfigurations = (
				22BABDAB1C33D0040099EB1D /* Debug */,
				22BABDAC1C33D0040099EB1D /* Release */,
			);
			defaultConfigurationIsVisible = 0;
		};
/* End XCConfigurationList section */
	};
	rootObject = 22BABD8B1C33D0040099EB1D /* Project object */;
}
